dependencies:
- name: cert-manager
  repository: https://charts.jetstack.io
  version: v1.14.7
- name: reflector
  repository: https://emberstack.github.io/helm-charts
  version: 7.1.288
- name: ddns-updater
  repository: oci://tccr.io/truecharts
  version: 11.2.1
digest: sha256:b4a13ae35fc75ada759a74c6d4fa55390417b6fc44dadd5a547f5705861d9fdc
generated: "2024-07-11T00:10:35.20129-05:00"
